# This file is automatically @generated by Cargo.
# It is not intended for manual editing.
version = 3

[[package]]
name = "anyhow"
version = "1.0.104"
source = "registry+https://github.com/rust-lang/crates.io-index"
checksum = "330a5ed07fa54e4702c9d6c4174f74427fc0ef6e214bbd677ae50a5099946470"

[[package]]
name = "autocfg"
version = "1.5.1"
source = "registry+https://github.com/rust-lang/crates.io-index"
checksum = "f2032f911046de80f0a198e0901378627c33f59ea0ac00e363d481118bd70a53"

[[package]]
name = "cfg-if"
version = "1.0.4"
source = "registry+https://github.com/rust-lang/crates.io-index"
checksum = "9330f8b2ff13f34540b44e946ef35111825727b38d33286ef986142615121801"

[[package]]
name = "clipper2-rust"
version = "1.1.0"
source = "registry+https://github.com/rust-lang/crates.io-index"
checksum = "0fd663fe209e7030c956e3be4c051dcc20cdb73da794f31466762cff12ca11bf"
dependencies = [
 "num-traits",
]

[[package]]
name = "dashu-base"
version = "0.5.1"
source = "registry+https://github.com/rust-lang/crates.io-index"
checksum = "a64b04cdfc4c8533100fe00304eb9687173bda47b1f1dac8af12ba13712ed49d"

[[package]]
name = "dashu-int"
version = "0.5.1"
source = "registry+https://github.com/rust-lang/crates.io-index"
checksum = "b6ee98721d5d223e5b64b642dd9588b79d9ef415554b13720308b77d628c3be6"
dependencies = [
 "cfg-if",
 "dashu-base",
 "num-modular",
 "num-traits",
 "rustversion",
 "static_assertions",
]

[[package]]
name = "dashu-ratio"
version = "0.5.1"
source = "registry+https://github.com/rust-lang/crates.io-index"
checksum = "727613e0312d442301147d9e45eb2e7c2797230fc6d223a2c51ecf0e98dfeb5e"
dependencies = [
 "dashu-base",
 "dashu-int",
 "num-traits",
 "rustversion",
]

[[package]]
name = "manifold-rust"
version = "0.13.1"
source = "registry+https://github.com/rust-lang/crates.io-index"
checksum = "895f10126b206ed4e9427f337e3a6d1c586ce7c9cd76c0ac8bca83a4f5f9eb7c"
dependencies = [
 "clipper2-rust",
 "dashu-int",
 "dashu-ratio",
 "num-traits",
 "rustc-hash",
]

[[package]]
name = "num-modular"
version = "0.6.5"
source = "registry+https://github.com/rust-lang/crates.io-index"
checksum = "bd8e500409e6cd603b03e477c26a6caecdc27ac58979a53e881c75eafc079f44"

[[package]]
name = "num-traits"
version = "0.2.19"
source = "registry+https://github.com/rust-lang/crates.io-index"
checksum = "071dfc062690e90b734c0b2273ce72ad0ffa95f0c74596bc250dcfd960262841"
dependencies = [
 "autocfg",
]

[[package]]
name = "openscad_rs"
version = "0.1.0"
dependencies = [
 "anyhow",
 "manifold-rust",
]

[[package]]
name = "rustc-hash"
version = "2.1.3"
source = "registry+https://github.com/rust-lang/crates.io-index"
checksum = "6b1e7f9a428571be2dc5bc0505c13fb6bf936822b894ec87abf8a08a4e51742d"

[[package]]
name = "rustversion"
version = "1.0.23"
source = "registry+https://github.com/rust-lang/crates.io-index"
checksum = "cf54715a573b99ac80df0bc206da022bcd442c974952c7b9720069370852e21f"

[[package]]
name = "static_assertions"
version = "1.1.0"
source = "registry+https://github.com/rust-lang/crates.io-index"
checksum = "a2eb9349b6444b326872e140eb1cf5e7c522154d69e7a0ffb0fb81c06b37543f"
